// !$*UTF8*$!
{
	archiveVersion = 1;
	classes = {
	};
	objectVersion = 56;
	objects = {

/* Begin PBXBuildFile section */
		49ED904C29D39A460003E962 /* AppDelegate.swift in Sources */ = {isa = PBXBuildFile; fileRef = 49ED904B29D39A460003E962 /* AppDelegate.swift */; };
		49ED904E29D39A460003E962 /* SceneDelegate.swift in Sources */ = {isa = PBXBuildFile; fileRef = 49ED904D29D39A460003E962 /* SceneDelegate.swift */; };
		49ED905529D39A480003E962 /* Assets.xcassets in Resources */ = {isa = PBXBuildFile; fileRef = 49ED905429D39A480003E962 /* Assets.xcassets */; };
		49ED905829D39A480003E962 /* LaunchScreen.storyboard in Resources */ = {isa = PBXBuildFile; fileRef = 49ED905629D39A480003E962 /* LaunchScreen.storyboard */; };
		49ED906029D39AB30003E962 /* MainViewController.swift in Sources */ = {isa = PBXBuildFile; fileRef = 49ED905F29D39AB30003E962 /* MainViewController.swift */; };
		49ED906229D39D530003E962 /* Extension+UIViewController.swift in Sources */ = {isa = PBXBuildFile; fileRef = 49ED906129D39D530003E962 /* Extension+UIViewController.swift */; };
		49ED906429D39E1A0003E962 /* DevideType.swift in Sources */ = {isa = PBXBuildFile; fileRef = 49ED906329D39E1A0003E962 /* DevideType.swift */; };
		49ED906B29D3B1CF0003E962 /* SnapKit in Frameworks */ = {isa = PBXBuildFile; productRef = 49ED906A29D3B1CF0003E962 /* SnapKit */; };
		49ED906D29D3E1E60003E962 /* OrderPaperView.swift in Sources */ = {isa = PBXBuildFile; fileRef = 49ED906C29D3E1E60003E962 /* OrderPaperView.swift */; };
		49ED906F29D3E2CD0003E962 /* Extension+UIView.swift in Sources */ = {isa = PBXBuildFile; fileRef = 49ED906E29D3E2CD0003E962 /* Extension+UIView.swift */; };
		49ED907129D3F53A0003E962 /* TopInfoView.swift in Sources */ = {isa = PBXBuildFile; fileRef = 49ED907029D3F53A0003E962 /* TopInfoView.swift */; };
		49ED907329D3FF2F0003E962 /* OrderTableView.swift in Sources */ = {isa = PBXBuildFile; fileRef = 49ED907229D3FF2F0003E962 /* OrderTableView.swift */; };
		49ED907529D4049C0003E962 /* Constants.swift in Sources */ = {isa = PBXBuildFile; fileRef = 49ED907429D4049C0003E962 /* Constants.swift */; };
		49ED907729D414680003E962 /* BidVolumeView.swift in Sources */ = {isa = PBXBuildFile; fileRef = 49ED907629D414680003E962 /* BidVolumeView.swift */; };
		49ED907929D41CB20003E962 /* BidVolumeCell.swift in Sources */ = {isa = PBXBuildFile; fileRef = 49ED907829D41CB20003E962 /* BidVolumeCell.swift */; };
		49ED907B29D4235F0003E962 /* VolumeData.swift in Sources */ = {isa = PBXBuildFile; fileRef = 49ED907A29D4235F0003E962 /* VolumeData.swift */; };
		49FCACF229D4EFCE0063A847 /* AskPriceView.swift in Sources */ = {isa = PBXBuildFile; fileRef = 49FCACF129D4EFCE0063A847 /* AskPriceView.swift */; };
		49FCACF429D4F06B0063A847 /* AskPriceCell.swift in Sources */ = {isa = PBXBuildFile; fileRef = 49FCACF329D4F06B0063A847 /* AskPriceCell.swift */; };
		49FCACF629D4F66F0063A847 /* PriceData.swift in Sources */ = {isa = PBXBuildFile; fileRef = 49FCACF529D4F66F0063A847 /* PriceData.swift */; };
		49FCACF929D4FA820063A847 /* RightInfoView.swift in Sources */ = {isa = PBXBuildFile; fileRef = 49FCACF829D4FA820063A847 /* RightInfoView.swift */; };
		49FCACFB29D502230063A847 /* FirstInfoCell.swift in Sources */ = {isa = PBXBuildFile; fileRef = 49FCACFA29D502230063A847 /* FirstInfoCell.swift */; };
		49FCACFD29D5042A0063A847 /* SecondInfoCell.swift in Sources */ = {isa = PBXBuildFile; fileRef = 49FCACFC29D5042A0063A847 /* SecondInfoCell.swift */; };
		49FCACFF29D5056C0063A847 /* FirstInfoData.swift in Sources */ = {isa = PBXBuildFile; fileRef = 49FCACFE29D5056C0063A847 /* FirstInfoData.swift */; };
		49FCAD0129D505B80063A847 /* SecondInfoData.swift in Sources */ = {isa = PBXBuildFile; fileRef = 49FCAD0029D505B80063A847 /* SecondInfoData.swift */; };
		49FCAD0329D53C550063A847 /* SeparatorView.swift in Sources */ = {isa = PBXBuildFile; fileRef = 49FCAD0229D53C550063A847 /* SeparatorView.swift */; };
		49FCAD0629D5773E0063A847 /* TitleAndValueVIew.swift in Sources */ = {isa = PBXBuildFile; fileRef = 49FCAD0529D5773E0063A847 /* TitleAndValueVIew.swift */; };
/* End PBXBuildFile section */

/* Begin PBXFileReference section */
		49ED904829D39A460003E962 /* OrderPaperSample.app */ = {isa = PBXFileReference; explicitFileType = wrapper.application; includeInIndex = 0; path = OrderPaperSample.app; sourceTree = BUILT_PRODUCTS_DIR; };
		49ED904B29D39A460003E962 /* AppDelegate.swift */ = {isa = PBXFileReference; lastKnownFileType = sourcecode.swift; path = AppDelegate.swift; sourceTree = "<group>"; };
		49ED904D29D39A460003E962 /* SceneDelegate.swift */ = {isa = PBXFileReference; lastKnownFileType = sourcecode.swift; path = SceneDelegate.swift; sourceTree = "<group>"; };
		49ED905429D39A480003E962 /* Assets.xcassets */ = {isa = PBXFileReference; lastKnownFileType = folder.assetcatalog; path = Assets.xcassets; sourceTree = "<group>"; };
		49ED905729D39A480003E962 /* Base */ = {isa = PBXFileReference; lastKnownFileType = file.storyboard; name = Base; path = Base.lproj/LaunchScreen.storyboard; sourceTree = "<group>"; };
		49ED905929D39A480003E962 /* Info.plist */ = {isa = PBXFileReference; lastKnownFileType = text.plist.xml; path = Info.plist; sourceTree = "<group>"; };
		49ED905F29D39AB30003E962 /* MainViewController.swift */ = {isa = PBXFileReference; lastKnownFileType = sourcecode.swift; path = MainViewController.swift; sourceTree = "<group>"; };
		49ED906129D39D530003E962 /* Extension+UIViewController.swift */ = {isa = PBXFileReference; lastKnownFileType = sourcecode.swift; path = "Extension+UIViewController.swift"; sourceTree = "<group>"; };
		49ED906329D39E1A0003E962 /* DevideType.swift */ = {isa = PBXFileReference; lastKnownFileType = sourcecode.swift; path = DevideType.swift; sourceTree = "<group>"; };
		49ED906C29D3E1E60003E962 /* OrderPaperView.swift */ = {isa = PBXFileReference; lastKnownFileType = sourcecode.swift; path = OrderPaperView.swift; sourceTree = "<group>"; };
		49ED906E29D3E2CD0003E962 /* Extension+UIView.swift */ = {isa = PBXFileReference; lastKnownFileType = sourcecode.swift; path = "Extension+UIView.swift"; sourceTree = "<group>"; };
		49ED907029D3F53A0003E962 /* TopInfoView.swift */ = {isa = PBXFileReference; lastKnownFileType = sourcecode.swift; path = TopInfoView.swift; sourceTree = "<group>"; };
		49ED907229D3FF2F0003E962 /* OrderTableView.swift */ = {isa = PBXFileReference; lastKnownFileType = sourcecode.swift; path = OrderTableView.swift; sourceTree = "<group>"; };
		49ED907429D4049C0003E962 /* Constants.swift */ = {isa = PBXFileReference; lastKnownFileType = sourcecode.swift; path = Constants.swift; sourceTree = "<group>"; };
		49ED907629D414680003E962 /* BidVolumeView.swift */ = {isa = PBXFileReference; lastKnownFileType = sourcecode.swift; path = BidVolumeView.swift; sourceTree = "<group>"; };
		49ED907829D41CB20003E962 /* BidVolumeCell.swift */ = {isa = PBXFileReference; lastKnownFileType = sourcecode.swift; path = BidVolumeCell.swift; sourceTree = "<group>"; };
		49ED907A29D4235F0003E962 /* VolumeData.swift */ = {isa = PBXFileReference; lastKnownFileType = sourcecode.swift; path = VolumeData.swift; sourceTree = "<group>"; };
		49FCACF129D4EFCE0063A847 /* AskPriceView.swift */ = {isa = PBXFileReference; lastKnownFileType = sourcecode.swift; path = AskPriceView.swift; sourceTree = "<group>"; };
		49FCACF329D4F06B0063A847 /* AskPriceCell.swift */ = {isa = PBXFileReference; lastKnownFileType = sourcecode.swift; path = AskPriceCell.swift; sourceTree = "<group>"; };
		49FCACF529D4F66F0063A847 /* PriceData.swift */ = {isa = PBXFileReference; lastKnownFileType = sourcecode.swift; path = PriceData.swift; sourceTree = "<group>"; };
		49FCACF829D4FA820063A847 /* RightInfoView.swift */ = {isa = PBXFileReference; lastKnownFileType = sourcecode.swift; path = RightInfoView.swift; sourceTree = "<group>"; };
		49FCACFA29D502230063A847 /* FirstInfoCell.swift */ = {isa = PBXFileReference; lastKnownFileType = sourcecode.swift; path = FirstInfoCell.swift; sourceTree = "<group>"; };
		49FCACFC29D5042A0063A847 /* SecondInfoCell.swift */ = {isa = PBXFileReference; lastKnownFileType = sourcecode.swift; path = SecondInfoCell.swift; sourceTree = "<group>"; };
		49FCACFE29D5056C0063A847 /* FirstInfoData.swift */ = {isa = PBXFileReference; lastKnownFileType = sourcecode.swift; path = FirstInfoData.swift; sourceTree = "<group>"; };
		49FCAD0029D505B80063A847 /* SecondInfoData.swift */ = {isa = PBXFileReference; lastKnownFileType = sourcecode.swift; path = SecondInfoData.swift; sourceTree = "<group>"; };
		49FCAD0229D53C550063A847 /* SeparatorView.swift */ = {isa = PBXFileReference; fileEncoding = 4; lastKnownFileType = sourcecode.swift; path = SeparatorView.swift; sourceTree = "<group>"; };
		49FCAD0529D5773E0063A847 /* TitleAndValueVIew.swift */ = {isa = PBXFileReference; lastKnownFileType = sourcecode.swift; path = TitleAndValueVIew.swift; sourceTree = "<group>"; };
/* End PBXFileReference section */

/* Begin PBXFrameworksBuildPhase section */
		49ED904529D39A460003E962 /* Frameworks */ = {
			isa = PBXFrameworksBuildPhase;
			buildActionMask = 2147483647;
			files = (
				49ED906B29D3B1CF0003E962 /* SnapKit in Frameworks */,
			);
			runOnlyForDeploymentPostprocessing = 0;
		};
/* End PBXFrameworksBuildPhase section */

/* Begin PBXGroup section */
		49E5257429D66F26004D649C /* RightInfo */ = {
			isa = PBXGroup;
			children = (
				49FCACF829D4FA820063A847 /* RightInfoView.swift */,
				49FCACFA29D502230063A847 /* FirstInfoCell.swift */,
				49FCACFC29D5042A0063A847 /* SecondInfoCell.swift */,
				49FCACFE29D5056C0063A847 /* FirstInfoData.swift */,
				49FCAD0029D505B80063A847 /* SecondInfoData.swift */,
			);
			path = RightInfo;
			sourceTree = "<group>";
		};
		49ED903F29D39A460003E962 = {
			isa = PBXGroup;
			children = (
				49ED904A29D39A460003E962 /* OrderPaperSample */,
				49ED904929D39A460003E962 /* Products */,
			);
			sourceTree = "<group>";
		};
		49ED904929D39A460003E962 /* Products */ = {
			isa = PBXGroup;
			children = (
				49ED904829D39A460003E962 /* OrderPaperSample.app */,
			);
			name = Products;
			sourceTree = "<group>";
		};
		49ED904A29D39A460003E962 /* OrderPaperSample */ = {
			isa = PBXGroup;
			children = (
				49ED906529D3AB1D0003E962 /* Delegate */,
				49ED906629D3ABA90003E962 /* Resource */,
				49ED906729D3ABCC0003E962 /* Scene */,
				49ED906829D3ABD20003E962 /* Library */,
				49ED907429D4049C0003E962 /* Constants.swift */,
			);
			path = OrderPaperSample;
			sourceTree = "<group>";
		};
		49ED906529D3AB1D0003E962 /* Delegate */ = {
			isa = PBXGroup;
			children = (
				49ED904B29D39A460003E962 /* AppDelegate.swift */,
				49ED904D29D39A460003E962 /* SceneDelegate.swift */,
			);
			path = Delegate;
			sourceTree = "<group>";
		};
		49ED906629D3ABA90003E962 /* Resource */ = {
			isa = PBXGroup;
			children = (
				49ED905429D39A480003E962 /* Assets.xcassets */,
				49ED905629D39A480003E962 /* LaunchScreen.storyboard */,
				49ED905929D39A480003E962 /* Info.plist */,
			);
			path = Resource;
			sourceTree = "<group>";
		};
		49ED906729D3ABCC0003E962 /* Scene */ = {
			isa = PBXGroup;
			children = (
				49ED905F29D39AB30003E962 /* MainViewController.swift */,
				49ED906C29D3E1E60003E962 /* OrderPaperView.swift */,
				49ED907029D3F53A0003E962 /* TopInfoView.swift */,
				49FCAD0429D53C5A0063A847 /* CustomView */,
				49FCACEF29D4EE090063A847 /* OrderTable */,
			);
			path = Scene;
			sourceTree = "<group>";
		};
		49ED906829D3ABD20003E962 /* Library */ = {
			isa = PBXGroup;
			children = (
				49ED906129D39D530003E962 /* Extension+UIViewController.swift */,
				49ED906329D39E1A0003E962 /* DevideType.swift */,
				49ED906E29D3E2CD0003E962 /* Extension+UIView.swift */,
			);
			path = Library;
			sourceTree = "<group>";
		};
		49FCACEF29D4EE090063A847 /* OrderTable */ = {
			isa = PBXGroup;
			children = (
				49ED907229D3FF2F0003E962 /* OrderTableView.swift */,
				49FCACF029D4EFBA0063A847 /* BidVolume */,
				49FCACF729D4F9B40063A847 /* AskVolume */,
				49E5257429D66F26004D649C /* RightInfo */,
			);
			path = OrderTable;
			sourceTree = "<group>";
		};
		49FCACF029D4EFBA0063A847 /* BidVolume */ = {
			isa = PBXGroup;
			children = (
				49ED907629D414680003E962 /* BidVolumeView.swift */,
				49ED907829D41CB20003E962 /* BidVolumeCell.swift */,
				49ED907A29D4235F0003E962 /* VolumeData.swift */,
			);
			path = BidVolume;
			sourceTree = "<group>";
		};
		49FCACF729D4F9B40063A847 /* AskVolume */ = {
			isa = PBXGroup;
			children = (
				49FCACF129D4EFCE0063A847 /* AskPriceView.swift */,
				49FCACF329D4F06B0063A847 /* AskPriceCell.swift */,
				49FCACF529D4F66F0063A847 /* PriceData.swift */,
			);
			path = AskVolume;
			sourceTree = "<group>";
		};
		49FCAD0429D53C5A0063A847 /* CustomView */ = {
			isa = PBXGroup;
			children = (
				49FCAD0229D53C550063A847 /* SeparatorView.swift */,
				49FCAD0529D5773E0063A847 /* TitleAndValueVIew.swift */,
			);
			path = CustomView;
			sourceTree = "<group>";
		};
/* End PBXGroup section */

/* Begin PBXNativeTarget section */
		49ED904729D39A460003E962 /* OrderPaperSample */ = {
			isa = PBXNativeTarget;
			buildConfigurationList = 49ED905C29D39A480003E962 /* Build configuration list for PBXNativeTarget "OrderPaperSample" */;
			buildPhases = (
				49ED904429D39A460003E962 /* Sources */,
				49ED904529D39A460003E962 /* Frameworks */,
				49ED904629D39A460003E962 /* Resources */,
			);
			buildRules = (
			);
			dependencies = (
			);
			name = OrderPaperSample;
			packageProductDependencies = (
				49ED906A29D3B1CF0003E962 /* SnapKit */,
			);
			productName = OrderPaperSample;
			productReference = 49ED904829D39A460003E962 /* OrderPaperSample.app */;
			productType = "com.apple.product-type.application";
		};
/* End PBXNativeTarget section */

/* Begin PBXProject section */
		49ED904029D39A460003E962 /* Project object */ = {
			isa = PBXProject;
			attributes = {
				BuildIndependentTargetsInParallel = 1;
				LastSwiftUpdateCheck = 1420;
				LastUpgradeCheck = 1420;
				TargetAttributes = {
					49ED904729D39A460003E962 = {
						CreatedOnToolsVersion = 14.2;
					};
				};
			};
			buildConfigurationList = 49ED904329D39A460003E962 /* Build configuration list for PBXProject "OrderPaperSample" */;
			compatibilityVersion = "Xcode 14.0";
			developmentRegion = en;
			hasScannedForEncodings = 0;
			knownRegions = (
				en,
				Base,
			);
			mainGroup = 49ED903F29D39A460003E962;
			packageReferences = (
				49ED906929D3B1CF0003E962 /* XCRemoteSwiftPackageReference "SnapKit" */,
			);
			productRefGroup = 49ED904929D39A460003E962 /* Products */;
			projectDirPath = "";
			projectRoot = "";
			targets = (
				49ED904729D39A460003E962 /* OrderPaperSample */,
			);
		};
/* End PBXProject section */

/* Begin PBXResourcesBuildPhase section */
		49ED904629D39A460003E962 /* Resources */ = {
			isa = PBXResourcesBuildPhase;
			buildActionMask = 2147483647;
			files = (
				49ED905829D39A480003E962 /* LaunchScreen.storyboard in Resources */,
				49ED905529D39A480003E962 /* Assets.xcassets in Resources */,
			);
			runOnlyForDeploymentPostprocessing = 0;
		};
/* End PBXResourcesBuildPhase section */

/* Begin PBXSourcesBuildPhase section */
		49ED904429D39A460003E962 /* Sources */ = {
			isa = PBXSourcesBuildPhase;
			buildActionMask = 2147483647;
			files = (
				49FCAD0329D53C550063A847 /* SeparatorView.swift in Sources */,
				49FCACF229D4EFCE0063A847 /* AskPriceView.swift in Sources */,
				49FCACFD29D5042A0063A847 /* SecondInfoCell.swift in Sources */,
				49ED906F29D3E2CD0003E962 /* Extension+UIView.swift in Sources */,
				49ED906D29D3E1E60003E962 /* OrderPaperView.swift in Sources */,
				49ED907929D41CB20003E962 /* BidVolumeCell.swift in Sources */,
				49FCAD0629D5773E0063A847 /* TitleAndValueVIew.swift in Sources */,
				49FCACF929D4FA820063A847 /* RightInfoView.swift in Sources */,
				49ED906229D39D530003E962 /* Extension+UIViewController.swift in Sources */,
				49ED906029D39AB30003E962 /* MainViewController.swift in Sources */,
				49FCACFF29D5056C0063A847 /* FirstInfoData.swift in Sources */,
				49FCACF429D4F06B0063A847 /* AskPriceCell.swift in Sources */,
				49FCACF629D4F66F0063A847 /* PriceData.swift in Sources */,
				49ED904C29D39A460003E962 /* AppDelegate.swift in Sources */,
				49ED907529D4049C0003E962 /* Constants.swift in Sources */,
				49ED907729D414680003E962 /* BidVolumeView.swift in Sources */,
				49FCACFB29D502230063A847 /* FirstInfoCell.swift in Sources */,
				49ED906429D39E1A0003E962 /* DevideType.swift in Sources */,
				49FCAD0129D505B80063A847 /* SecondInfoData.swift in Sources */,
				49ED907129D3F53A0003E962 /* TopInfoView.swift in Sources */,
				49ED907B29D4235F0003E962 /* VolumeData.swift in Sources */,
				49ED904E29D39A460003E962 /* SceneDelegate.swift in Sources */,
				49ED907329D3FF2F0003E962 /* OrderTableView.swift in Sources */,
			);
			runOnlyForDeploymentPostprocessing = 0;
		};
/* End PBXSourcesBuildPhase section */

/* Begin PBXVariantGroup section */
		49ED905629D39A480003E962 /* LaunchScreen.storyboard */ = {
			isa = PBXVariantGroup;
			children = (
				49ED905729D39A480003E962 /* Base */,
			);
			name = LaunchScreen.storyboard;
			sourceTree = "<group>";
		};
/* End PBXVariantGroup section */

/* Begin XCBuildConfiguration section */
		49ED905A29D39A480003E962 /* Debug */ = {
			isa = XCBuildConfiguration;
			buildSettings = {
				ALWAYS_SEARCH_USER_PATHS = NO;
				CLANG_ANALYZER_NONNULL = YES;
				CLANG_ANALYZER_NUMBER_OBJECT_CONVERSION = YES_AGGRESSIVE;
				CLANG_CXX_LANGUAGE_STANDARD = "gnu++20";
				CLANG_ENABLE_MODULES = YES;
				CLANG_ENABLE_OBJC_ARC = YES;
				CLANG_ENABLE_OBJC_WEAK = YES;
				CLANG_WARN_BLOCK_CAPTURE_AUTORELEASING = YES;
				CLANG_WARN_BOOL_CONVERSION = YES;
				CLANG_WARN_COMMA = YES;
				CLANG_WARN_CONSTANT_CONVERSION = YES;
				CLANG_WARN_DEPRECATED_OBJC_IMPLEMENTATIONS = YES;
				CLANG_WARN_DIRECT_OBJC_ISA_USAGE = YES_ERROR;
				CLANG_WARN_DOCUMENTATION_COMMENTS = YES;
				CLANG_WARN_EMPTY_BODY = YES;
				CLANG_WARN_ENUM_CONVERSION = YES;
				CLANG_WARN_INFINITE_RECURSION = YES;
				CLANG_WARN_INT_CONVERSION = YES;
				CLANG_WARN_NON_LITERAL_NULL_CONVERSION = YES;
				CLANG_WARN_OBJC_IMPLICIT_RETAIN_SELF = YES;
				CLANG_WARN_OBJC_LITERAL_CONVERSION = YES;
				CLANG_WARN_OBJC_ROOT_CLASS = YES_ERROR;
				CLANG_WARN_QUOTED_INCLUDE_IN_FRAMEWORK_HEADER = YES;
				CLANG_WARN_RANGE_LOOP_ANALYSIS = YES;
				CLANG_WARN_STRICT_PROTOTYPES = YES;
				CLANG_WARN_SUSPICIOUS_MOVE = YES;
				CLANG_WARN_UNGUARDED_AVAILABILITY = YES_AGGRESSIVE;
				CLANG_WARN_UNREACHABLE_CODE = YES;
				CLANG_WARN__DUPLICATE_METHOD_MATCH = YES;
				COPY_PHASE_STRIP = NO;
				DEBUG_INFORMATION_FORMAT = dwarf;
				ENABLE_STRICT_OBJC_MSGSEND = YES;
				ENABLE_TESTABILITY = YES;
				GCC_C_LANGUAGE_STANDARD = gnu11;
				GCC_DYNAMIC_NO_PIC = NO;
				GCC_NO_COMMON_BLOCKS = YES;
				GCC_OPTIMIZATION_LEVEL = 0;
				GCC_PREPROCESSOR_DEFINITIONS = (
					"DEBUG=1",
					"$(inherited)",
				);
				GCC_WARN_64_TO_32_BIT_CONVERSION = YES;
				GCC_WARN_ABOUT_RETURN_TYPE = YES_ERROR;
				GCC_WARN_UNDECLARED_SELECTOR = YES;
				GCC_WARN_UNINITIALIZED_AUTOS = YES_AGGRESSIVE;
				GCC_WARN_UNUSED_FUNCTION = YES;
				GCC_WARN_UNUSED_VARIABLE = YES;
				IPHONEOS_DEPLOYMENT_TARGET = 16.2;
				MTL_ENABLE_DEBUG_INFO = INCLUDE_SOURCE;
				MTL_FAST_MATH = YES;
				ONLY_ACTIVE_ARCH = YES;
				SDKROOT = iphoneos;
				SWIFT_ACTIVE_COMPILATION_CONDITIONS = DEBUG;
				SWIFT_OPTIMIZATION_LEVEL = "-Onone";
			};
			name = Debug;
		};
		49ED905B29D39A480003E962 /* Release */ = {
			isa = XCBuildConfiguration;
			buildSettings = {
				ALWAYS_SEARCH_USER_PATHS = NO;
				CLANG_ANALYZER_NONNULL = YES;
				CLANG_ANALYZER_NUMBER_OBJECT_CONVERSION = YES_AGGRESSIVE;
				CLANG_CXX_LANGUAGE_STANDARD = "gnu++20";
				CLANG_ENABLE_MODULES = YES;
				CLANG_ENABLE_OBJC_ARC = YES;
				CLANG_ENABLE_OBJC_WEAK = YES;
				CLANG_WARN_BLOCK_CAPTURE_AUTORELEASING = YES;
				CLANG_WARN_BOOL_CONVERSION = YES;
				CLANG_WARN_COMMA = YES;
				CLANG_WARN_CONSTANT_CONVERSION = YES;
				CLANG_WARN_DEPRECATED_OBJC_IMPLEMENTATIONS = YES;
				CLANG_WARN_DIRECT_OBJC_ISA_USAGE = YES_ERROR;
				CLANG_WARN_DOCUMENTATION_COMMENTS = YES;
				CLANG_WARN_EMPTY_BODY = YES;
				CLANG_WARN_ENUM_CONVERSION = YES;
				CLANG_WARN_INFINITE_RECURSION = YES;
				CLANG_WARN_INT_CONVERSION = YES;
				CLANG_WARN_NON_LITERAL_NULL_CONVERSION = YES;
				CLANG_WARN_OBJC_IMPLICIT_RETAIN_SELF = YES;
				CLANG_WARN_OBJC_LITERAL_CONVERSION = YES;
				CLANG_WARN_OBJC_ROOT_CLASS = YES_ERROR;
				CLANG_WARN_QUOTED_INCLUDE_IN_FRAMEWORK_HEADER = YES;
				CLANG_WARN_RANGE_LOOP_ANALYSIS = YES;
				CLANG_WARN_STRICT_PROTOTYPES = YES;
				CLANG_WARN_SUSPICIOUS_MOVE = YES;
				CLANG_WARN_UNGUARDED_AVAILABILITY = YES_AGGRESSIVE;
				CLANG_WARN_UNREACHABLE_CODE = YES;
				CLANG_WARN__DUPLICATE_METHOD_MATCH = YES;
				COPY_PHASE_STRIP = NO;
				DEBUG_INFORMATION_FORMAT = "dwarf-with-dsym";
				ENABLE_NS_ASSERTIONS = NO;
				ENABLE_STRICT_OBJC_MSGSEND = YES;
				GCC_C_LANGUAGE_STANDARD = gnu11;
				GCC_NO_COMMON_BLOCKS = YES;
				GCC_WARN_64_TO_32_BIT_CONVERSION = YES;
				GCC_WARN_ABOUT_RETURN_TYPE = YES_ERROR;
				GCC_WARN_UNDECLARED_SELECTOR = YES;
				GCC_WARN_UNINITIALIZED_AUTOS = YES_AGGRESSIVE;
				GCC_WARN_UNUSED_FUNCTION = YES;
				GCC_WARN_UNUSED_VARIABLE = YES;
				IPHONEOS_DEPLOYMENT_TARGET = 16.2;
				MTL_ENABLE_DEBUG_INFO = NO;
				MTL_FAST_MATH = YES;
				SDKROOT = iphoneos;
				SWIFT_COMPILATION_MODE = wholemodule;
				SWIFT_OPTIMIZATION_LEVEL = "-O";
				VALIDATE_PRODUCT = YES;
			};
			name = Release;
		};
		49ED905D29D39A480003E962 /* Debug */ = {
			isa = XCBuildConfiguration;
			buildSettings = {
				ASSETCATALOG_COMPILER_APPICON_NAME = AppIcon;
				ASSETCATALOG_COMPILER_GLOBAL_ACCENT_COLOR_NAME = AccentColor;
				CODE_SIGN_STYLE = Automatic;
				CURRENT_PROJECT_VERSION = 1;
				DEVELOPMENT_TEAM = HDFLLXK789;
				GENERATE_INFOPLIST_FILE = YES;
				INFOPLIST_FILE = OrderPaperSample/Resource/Info.plist;
				INFOPLIST_KEY_UIApplicationSupportsIndirectInputEvents = YES;
				INFOPLIST_KEY_UILaunchStoryboardName = LaunchScreen;
				INFOPLIST_KEY_UIMainStoryboardFile = "";
				INFOPLIST_KEY_UISupportedInterfaceOrientations_iPad = "UIInterfaceOrientationPortrait UIInterfaceOrientationPortraitUpsideDown UIInterfaceOrientationLandscapeLeft UIInterfaceOrientationLandscapeRight";
				INFOPLIST_KEY_UISupportedInterfaceOrientations_iPhone = "UIInterfaceOrientationPortrait UIInterfaceOrientationLandscapeLeft UIInterfaceOrientationLandscapeRight";
				LD_RUNPATH_SEARCH_PATHS = (
					"$(inherited)",
					"@executable_path/Frameworks",
				);
				MARKETING_VERSION = 1.0;
				PRODUCT_BUNDLE_IDENTIFIER = com.ycompany.OrderPaperSample;
				PRODUCT_NAME = "$(TARGET_NAME)";
				SWIFT_EMIT_LOC_STRINGS = YES;
				SWIFT_VERSION = 5.0;
				TARGETED_DEVICE_FAMILY = "1,2";
			};
			name = Debug;
		};
		49ED905E29D39A480003E962 /* Release */ = {
			isa = XCBuildConfiguration;
			buildSettings = {
				ASSETCATALOG_COMPILER_APPICON_NAME = AppIcon;
				ASSETCATALOG_COMPILER_GLOBAL_ACCENT_COLOR_NAME = AccentColor;
				CODE_SIGN_STYLE = Automatic;
				CURRENT_PROJECT_VERSION = 1;
				DEVELOPMENT_TEAM = HDFLLXK789;
				GENERATE_INFOPLIST_FILE = YES;
				INFOPLIST_FILE = OrderPaperSample/Resource/Info.plist;
				INFOPLIST_KEY_UIApplicationSupportsIndirectInputEvents = YES;
				INFOPLIST_KEY_UILaunchStoryboardName = LaunchScreen;
				INFOPLIST_KEY_UIMainStoryboardFile = "";
				INFOPLIST_KEY_UISupportedInterfaceOrientations_iPad = "UIInterfaceOrientationPortrait UIInterfaceOrientationPortraitUpsideDown UIInterfaceOrientationLandscapeLeft UIInterfaceOrientationLandscapeRight";
				INFOPLIST_KEY_UISupportedInterfaceOrientations_iPhone = "UIInterfaceOrientationPortrait UIInterfaceOrientationLandscapeLeft UIInterfaceOrientationLandscapeRight";
				LD_RUNPATH_SEARCH_PATHS = (
					"$(inherited)",
					"@executable_path/Frameworks",
				);
				MARKETING_VERSION = 1.0;
				PRODUCT_BUNDLE_IDENTIFIER = com.ycompany.OrderPaperSample;
				PRODUCT_NAME = "$(TARGET_NAME)";
				SWIFT_EMIT_LOC_STRINGS = YES;
				SWIFT_VERSION = 5.0;
				TARGETED_DEVICE_FAMILY = "1,2";
			};
			name = Release;
		};
/* End XCBuildConfiguration section */

/* Begin XCConfigurationList section */
		49ED904329D39A460003E962 /* Build configuration list for PBXProject "OrderPaperSample" */ = {
			isa = XCConfigurationList;
			buildConfigurations = (
				49ED905A29D39A480003E962 /* Debug */,
				49ED905B29D39A480003E962 /* Release */,
			);
			defaultConfigurationIsVisible = 0;
			defaultConfigurationName = Release;
		};
		49ED905C29D39A480003E962 /* Build configuration list for PBXNativeTarget "OrderPaperSample" */ = {
			isa = XCConfigurationList;
			buildConfigurations = (
				49ED905D29D39A480003E962 /* Debug */,
				49ED905E29D39A480003E962 /* Release */,
			);
			defaultConfigurationIsVisible = 0;
			defaultConfigurationName = Release;
		};
/* End XCConfigurationList section */

/* Begin XCRemoteSwiftPackageReference section */
		49ED906929D3B1CF0003E962 /* XCRemoteSwiftPackageReference "SnapKit" */ = {
			isa = XCRemoteSwiftPackageReference;
			repositoryURL = "https://github.com/SnapKit/SnapKit.git";
			requirement = {
				kind = upToNextMajorVersion;
				minimumVersion = 5.0.0;
			};
		};
/* End XCRemoteSwiftPackageReference section */

/* Begin XCSwiftPackageProductDependency section */
		49ED906A29D3B1CF0003E962 /* SnapKit */ = {
			isa = XCSwiftPackageProductDependency;
			package = 49ED906929D3B1CF0003E962 /* XCRemoteSwiftPackageReference "SnapKit" */;
			productName = SnapKit;
		};
/* End XCSwiftPackageProductDependency section */
	};
	rootObject = 49ED904029D39A460003E962 /* Project object */;
}
